
Microsoft Visual Studio Solution File, Format Version 12.00
# Visual Studio Version 16
VisualStudioVersion = 16.0.30011.22
MinimumVisualStudioVersion = 10.0.40219.1
Project("{FAE04EC0-301F-11D3-BF4B-00C04F79EFBC}") = "AspNetCoreIdenditySample", "AspNetCoreIdenditySample\AspNetCoreIdenditySample.csproj", "{20D0E70D-3561-4B6E-87AE-97E9B8B8F874}"
EndProject
Global
	GlobalSection(SolutionConfigurationPlatforms) = preSolution
		Debug|Any CPU = Debug|Any CPU
		Release|Any CPU = Release|Any CPU
	EndGlobalSection
	GlobalSection(ProjectConfigurationPlatforms) = postSolution
		{20D0E70D-3561-4B6E-87AE-97E9B8B8F874}.Debug|Any CPU.ActiveCfg = Debug|Any CPU
		{20D0E70D-3561-4B6E-87AE-97E9B8B8F874}.Debug|Any CPU.Build.0 = Debug|Any CPU
		{20D0E70D-3561-4B6E-87AE-97E9B8B8F874}.Release|Any CPU.ActiveCfg = Release|Any CPU
		{20D0E70D-3561-4B6E-87AE-97E9B8B8F874}.Release|Any CPU.Build.0 = Release|Any CPU
	EndGlobalSection
	GlobalSection(SolutionProperties) = preSolution
		HideSolutionNode = FALSE
	EndGlobalSection
	GlobalSection(ExtensibilityGlobals) = postSolution
		SolutionGuid = {AE8FAB97-2EE1-4BE0-B35E-769BC313EFBD}
	EndGlobalSection
EndGlobal
